
Microsoft Visual Studio Solution File, Format Version 12.00
Project("{FAE04EC0-301F-11D3-BF4B-00C04F79EFBC}") = "SorokChatServer.Application", "SorokChatServer.Application\SorokChatServer.Application.csproj", "{848F5FAE-5D62-4276-A71A-69543487E61A}"
EndProject
Project("{FAE04EC0-301F-11D3-BF4B-00C04F79EFBC}") = "SorokChatServer.Domain", "SorokChatServer.Domain\SorokChatServer.Domain.csproj", "{7E7A32D4-5167-4112-B912-B2E8FD88EC9E}"
EndProject
Project("{FAE04EC0-301F-11D3-BF4B-00C04F79EFBC}") = "SorokChatServer.Persistance.Postgress", "SorokChatServer.Persistance.Postgress\SorokChatServer.Persistance.Postgress.csproj", "{1DEE059D-7801-4AA0-ACAD-817C6772E08D}"
EndProject
Global
	GlobalSection(SolutionConfigurationPlatforms) = preSolution
		Debug|Any CPU = Debug|Any CPU
		Release|Any CPU = Release|Any CPU
	EndGlobalSection
	GlobalSection(ProjectConfigurationPlatforms) = postSolution
		{848F5FAE-5D62-4276-A71A-69543487E61A}.Debug|Any CPU.ActiveCfg = Debug|Any CPU
		{848F5FAE-5D62-4276-A71A-69543487E61A}.Debug|Any CPU.Build.0 = Debug|Any CPU
		{848F5FAE-5D62-4276-A71A-69543487E61A}.Release|Any CPU.ActiveCfg = Release|Any CPU
		{848F5FAE-5D62-4276-A71A-69543487E61A}.Release|Any CPU.Build.0 = Release|Any CPU
		{7E7A32D4-5167-4112-B912-B2E8FD88EC9E}.Debug|Any CPU.ActiveCfg = Debug|Any CPU
		{7E7A32D4-5167-4112-B912-B2E8FD88EC9E}.Debug|Any CPU.Build.0 = Debug|Any CPU
		{7E7A32D4-5167-4112-B912-B2E8FD88EC9E}.Release|Any CPU.ActiveCfg = Release|Any CPU
		{7E7A32D4-5167-4112-B912-B2E8FD88EC9E}.Release|Any CPU.Build.0 = Release|Any CPU
		{1DEE059D-7801-4AA0-ACAD-817C6772E08D}.Debug|Any CPU.ActiveCfg = Debug|Any CPU
		{1DEE059D-7801-4AA0-ACAD-817C6772E08D}.Debug|Any CPU.Build.0 = Debug|Any CPU
		{1DEE059D-7801-4AA0-ACAD-817C6772E08D}.Release|Any CPU.ActiveCfg = Release|Any CPU
		{1DEE059D-7801-4AA0-ACAD-817C6772E08D}.Release|Any CPU.Build.0 = Release|Any CPU
	EndGlobalSection
EndGlobal
